
Microsoft Visual Studio Solution File, Format Version 12.00
# Visual Studio 15
VisualStudioVersion = 15.0.28010.2019
MinimumVisualStudioVersion = 10.0.40219.1
Project("{8BC9CEB8-8B4A-11D0-8D11-00A0C91BC942}") = "pEuler6", "pEuler6\pEuler6.vcxproj", "{8EBABE27-E2FC-47B8-9FE0-CA23BD4DC0FB}"
EndProject
Global
	GlobalSection(SolutionConfigurationPlatforms) = preSolution
		Debug|x64 = Debug|x64
		Debug|x86 = Debug|x86
		Release|x64 = Release|x64
		Release|x86 = Release|x86
	EndGlobalSection
	GlobalSection(ProjectConfigurationPlatforms) = postSolution
		{8EBABE27-E2FC-47B8-9FE0-CA23BD4DC0FB}.Debug|x64.ActiveCfg = Debug|x64
		{8EBABE27-E2FC-47B8-9FE0-CA23BD4DC0FB}.Debug|x64.Build.0 = Debug|x64
		{8EBABE27-E2FC-47B8-9FE0-CA23BD4DC0FB}.Debug|x86.ActiveCfg = Debug|Win32
		{8EBABE27-E2FC-47B8-9FE0-CA23BD4DC0FB}.Debug|x86.Build.0 = Debug|Win32
		{8EBABE27-E2FC-47B8-9FE0-CA23BD4DC0FB}.Release|x64.ActiveCfg = Release|x64
		{8EBABE27-E2FC-47B8-9FE0-CA23BD4DC0FB}.Release|x64.Build.0 = Release|x64
		{8EBABE27-E2FC-47B8-9FE0-CA23BD4DC0FB}.Release|x86.ActiveCfg = Release|Win32
		{8EBABE27-E2FC-47B8-9FE0-CA23BD4DC0FB}.Release|x86.Build.0 = Release|Win32
	EndGlobalSection
	GlobalSection(SolutionProperties) = preSolution
		HideSolutionNode = FALSE
	EndGlobalSection
	GlobalSection(ExtensibilityGlobals) = postSolution
		SolutionGuid = {7305AA6C-7BDE-4B53-8C57-613D093ED30D}
	EndGlobalSection
EndGlobal
